
Microsoft Visual Studio Solution File, Format Version 12.00
Project("{FAE04EC0-301F-11D3-BF4B-00C04F79EFBC}") = "CodeGenerator", "CodeGenerator\CodeGenerator.csproj", "{22040E29-6D98-4C37-A658-64AF9BB60651}"
EndProject
Global
	GlobalSection(SolutionConfigurationPlatforms) = preSolution
		Debug|Any CPU = Debug|Any CPU
		Release|Any CPU = Release|Any CPU
	EndGlobalSection
	GlobalSection(ProjectConfigurationPlatforms) = postSolution
		{22040E29-6D98-4C37-A658-64AF9BB60651}.Debug|Any CPU.ActiveCfg = Debug|Any CPU
		{22040E29-6D98-4C37-A658-64AF9BB60651}.Debug|Any CPU.Build.0 = Debug|Any CPU
		{22040E29-6D98-4C37-A658-64AF9BB60651}.Release|Any CPU.ActiveCfg = Release|Any CPU
		{22040E29-6D98-4C37-A658-64AF9BB60651}.Release|Any CPU.Build.0 = Release|Any CPU
	EndGlobalSection
EndGlobal
